
Microsoft Visual Studio Solution File, Format Version 12.00
# Visual Studio Version 16
VisualStudioVersion = 16.0.30717.126
MinimumVisualStudioVersion = 10.0.40219.1
Project("{FAE04EC0-301F-11D3-BF4B-00C04F79EFBC}") = "HelloWorld", "HelloWorld\HelloWorld.csproj", "{E9BD4B6C-4B71-4A84-B9AB-3E216384AD55}"
EndProject
Global
	GlobalSection(SolutionConfigurationPlatforms) = preSolution
		Debug|Any CPU = Debug|Any CPU
		Release|Any CPU = Release|Any CPU
	EndGlobalSection
	GlobalSection(ProjectConfigurationPlatforms) = postSolution
		{E9BD4B6C-4B71-4A84-B9AB-3E216384AD55}.Debug|Any CPU.ActiveCfg = Debug|Any CPU
		{E9BD4B6C-4B71-4A84-B9AB-3E216384AD55}.Debug|Any CPU.Build.0 = Debug|Any CPU
		{E9BD4B6C-4B71-4A84-B9AB-3E216384AD55}.Release|Any CPU.ActiveCfg = Release|Any CPU
		{E9BD4B6C-4B71-4A84-B9AB-3E216384AD55}.Release|Any CPU.Build.0 = Release|Any CPU
	EndGlobalSection
	GlobalSection(SolutionProperties) = preSolution
		HideSolutionNode = FALSE
	EndGlobalSection
	GlobalSection(ExtensibilityGlobals) = postSolution
		SolutionGuid = {0F9AE9AA-A3E2-4029-966E-13A409D7CA29}
	EndGlobalSection
EndGlobal
